
Microsoft Visual Studio Solution File, Format Version 12.00
# Visual Studio 15
VisualStudioVersion = 15.0.28010.2003
MinimumVisualStudioVersion = 10.0.40219.1
Project("{888888A0-9F3D-457C-B088-3A5042F75D52}") = "Decrypting", "Decrypting\Decrypting.pyproj", "{FB7A15CB-08A8-46C1-AC44-CBFB020201C7}"
EndProject
Global
	GlobalSection(SolutionConfigurationPlatforms) = preSolution
		Debug|Any CPU = Debug|Any CPU
		Release|Any CPU = Release|Any CPU
	EndGlobalSection
	GlobalSection(ProjectConfigurationPlatforms) = postSolution
		{FB7A15CB-08A8-46C1-AC44-CBFB020201C7}.Debug|Any CPU.ActiveCfg = Debug|Any CPU
		{FB7A15CB-08A8-46C1-AC44-CBFB020201C7}.Release|Any CPU.ActiveCfg = Release|Any CPU
	EndGlobalSection
	GlobalSection(SolutionProperties) = preSolution
		HideSolutionNode = FALSE
	EndGlobalSection
	GlobalSection(ExtensibilityGlobals) = postSolution
		SolutionGuid = {357ACEE8-B5E9-4EF6-B710-BFB090D51E33}
	EndGlobalSection
EndGlobal
